
Microsoft Visual Studio Solution File, Format Version 12.00
# Visual Studio Version 17
VisualStudioVersion = 17.5.002.0
MinimumVisualStudioVersion = 10.0.40219.1
Project("{9A19103F-16F7-4668-BE54-9A1E7A4F7556}") = "SampleDotnetApp", "SampleDotnetApp.csproj", "{89E040E3-36DA-4B84-897A-BE20B348A442}"
EndProject
Global
	GlobalSection(SolutionConfigurationPlatforms) = preSolution
		Debug|Any CPU = Debug|Any CPU
		Release|Any CPU = Release|Any CPU
	EndGlobalSection
	GlobalSection(ProjectConfigurationPlatforms) = postSolution
		{89E040E3-36DA-4B84-897A-BE20B348A442}.Debug|Any CPU.ActiveCfg = Debug|Any CPU
		{89E040E3-36DA-4B84-897A-BE20B348A442}.Debug|Any CPU.Build.0 = Debug|Any CPU
		{89E040E3-36DA-4B84-897A-BE20B348A442}.Release|Any CPU.ActiveCfg = Release|Any CPU
		{89E040E3-36DA-4B84-897A-BE20B348A442}.Release|Any CPU.Build.0 = Release|Any CPU
	EndGlobalSection
	GlobalSection(SolutionProperties) = preSolution
		HideSolutionNode = FALSE
	EndGlobalSection
	GlobalSection(ExtensibilityGlobals) = postSolution
		SolutionGuid = {57751151-0F7C-4671-AAFB-1E07BE76C255}
	EndGlobalSection
EndGlobal
